
Microsoft Visual Studio Solution File, Format Version 12.00
# Visual Studio Version 16
VisualStudioVersion = 16.0.30804.86
MinimumVisualStudioVersion = 10.0.40219.1
Project("{FAE04EC0-301F-11D3-BF4B-00C04F79EFBC}") = "UrlsAndRoutes2", "UrlsAndRoutes2\UrlsAndRoutes2.csproj", "{9385A1E8-CA31-47F4-A2A9-719B960DD6ED}"
EndProject
Global
	GlobalSection(SolutionConfigurationPlatforms) = preSolution
		Debug|Any CPU = Debug|Any CPU
		Release|Any CPU = Release|Any CPU
	EndGlobalSection
	GlobalSection(ProjectConfigurationPlatforms) = postSolution
		{9385A1E8-CA31-47F4-A2A9-719B960DD6ED}.Debug|Any CPU.ActiveCfg = Debug|Any CPU
		{9385A1E8-CA31-47F4-A2A9-719B960DD6ED}.Debug|Any CPU.Build.0 = Debug|Any CPU
		{9385A1E8-CA31-47F4-A2A9-719B960DD6ED}.Release|Any CPU.ActiveCfg = Release|Any CPU
		{9385A1E8-CA31-47F4-A2A9-719B960DD6ED}.Release|Any CPU.Build.0 = Release|Any CPU
	EndGlobalSection
	GlobalSection(SolutionProperties) = preSolution
		HideSolutionNode = FALSE
	EndGlobalSection
	GlobalSection(ExtensibilityGlobals) = postSolution
		SolutionGuid = {1A706767-DF26-4C38-9129-4C6084947BD4}
	EndGlobalSection
EndGlobal
